
Microsoft Visual Studio Solution File, Format Version 12.00
# Visual Studio Version 17
VisualStudioVersion = 17.9.34723.18
MinimumVisualStudioVersion = 10.0.40219.1
Project("{FAE04EC0-301F-11D3-BF4B-00C04F79EFBC}") = "BaiTap2_23TH", "BaiTap2_23TH\BaiTap2_23TH.csproj", "{E12F3563-6F52-492C-9F6C-05C377470D38}"
EndProject
Global
	GlobalSection(SolutionConfigurationPlatforms) = preSolution
		Debug|Any CPU = Debug|Any CPU
		Release|Any CPU = Release|Any CPU
	EndGlobalSection
	GlobalSection(ProjectConfigurationPlatforms) = postSolution
		{E12F3563-6F52-492C-9F6C-05C377470D38}.Debug|Any CPU.ActiveCfg = Debug|Any CPU
		{E12F3563-6F52-492C-9F6C-05C377470D38}.Debug|Any CPU.Build.0 = Debug|Any CPU
		{E12F3563-6F52-492C-9F6C-05C377470D38}.Release|Any CPU.ActiveCfg = Release|Any CPU
		{E12F3563-6F52-492C-9F6C-05C377470D38}.Release|Any CPU.Build.0 = Release|Any CPU
	EndGlobalSection
	GlobalSection(SolutionProperties) = preSolution
		HideSolutionNode = FALSE
	EndGlobalSection
	GlobalSection(ExtensibilityGlobals) = postSolution
		SolutionGuid = {C7E45881-A738-4C5D-AF6C-1FE6E44D804F}
	EndGlobalSection
EndGlobal
